DEPENDENCIES
  apache2 (~> 4)
  apt (~> 6)
  composer
  datadog (~> 4.10.0)
  mingw (~> 2.1.1)
  newrelic (~> 2.43.1)
  php (~> 6)
  seven_zip (~> 2)
  vagrant_webapp
    path: .
    metadata: true
  windows (~> 4)
  yum (~> 5)
  yum-epel (~> 4)

GRAPH
  apache2 (4.0.0)
  apparmor (3.1.0)
  apt (6.1.4)
  build-essential (8.2.1)
    mingw (>= 1.1)
    seven_zip (>= 0.0.0)
  chef_handler (3.0.3)
  composer (2.7.0)
    apt (>= 0.0.0)
    php (>= 0.0.0)
    windows (>= 0.0.0)
  curl (2.0.4)
  datadog (4.10.0)
    apt (>= 0.0.0)
    chef_handler (>= 1.2)
    yum (>= 3.0)
  mingw (2.1.1)
    seven_zip (>= 0.0.0)
  mysql (10.1.2)
    apparmor (>= 0.0.0)
  newrelic (2.43.1)
    apt (>= 0.0.0)
    curl (>= 0.0.0)
    poise-python (>= 0.0.0)
    yum (>= 0.0.0)
  php (6.1.1)
    build-essential (>= 5.0)
    yum-epel (>= 0.0.0)
  poise (2.8.2)
  poise-archive (1.5.0)
    poise (~> 2.6)
  poise-languages (2.1.2)
    poise (~> 2.5)
    poise-archive (~> 1.0)
  poise-python (1.7.0)
    poise (~> 2.7)
    poise-languages (~> 2.0)
  seven_zip (2.0.2)
    windows (>= 1.2.2)
  vagrant_webapp (0.1.0)
    apache2 (>= 0.0.0)
    mysql (>= 0.0.0)
  windows (4.3.4)
  yum (5.1.0)
  yum-epel (4.1.1)
